# Claude Ads runtime dependency lock
# Exact lowest-common versions and the union of wheel hashes for the verified
# CPython 3.11/3.12 matrix: manylinux2014 x86_64, macOS 11 x86_64/arm64,
# and Windows amd64. Regenerate only from publisher artifacts and update the
# dependency inventory in the same review.
brotli==1.2.0 \
    --hash=sha256:022426c9e99fd65d9475dce5c195526f04bb8be8907607e27e747893f6ee3e24 \
    --hash=sha256:072e7624b1fc4d601036ab3f4f27942ef772887e876beff0301d261210bca97f \
    --hash=sha256:15b33fe93cedc4caaff8a0bd1eb7e3dab1c61bb22a0bf5bdfdfd97cd7da79744 \
    --hash=sha256:35d382625778834a7f3061b15423919aa03e4f5da34ac8e02c074e4b75ab4f84 \
    --hash=sha256:40d918bce2b427a0c4ba189df7a006ac0c7277c180aee4617d99e9ccaaf59e6a \
    --hash=sha256:7a61c06b334bd99bc5ae84f1eeb36bfe01400264b3c352f968c6e30a10f9d08b \
    --hash=sha256:898be2be399c221d2671d29eed26b6b2713a02c2119168ed914e7d00ceadb56f \
    --hash=sha256:b35c13ce241abdd44cb8ca70683f20c0c079728a36a996297adb5334adfc1c44
certifi==2026.6.17 \
    --hash=sha256:2227dcbaafe0d2f59279d1762ddddc37783ed4354594f194ffc31d20f41fc3db
cffi==2.1.0 \
    --hash=sha256:02cb7ff33ded4f1532476731f89ede53e2e488a8e6205515a82144246ffa7dcc \
    --hash=sha256:1e9f50d192a3e525b15a75ab5114e442d83d657b7ec29182a991bc9a88fd3a66 \
    --hash=sha256:4f26194e3d95e06501b942642855aed4f953d55e95d7d01b7c4483db3ecff458 \
    --hash=sha256:78474632761faa0fb96f30b1c928c84ebcf68713cbb80d15bab09dfe61640fde \
    --hash=sha256:aa7a1b53a2a4452ada2d1b5dade9960b2522f1e61293a811a077439e39029565 \
    --hash=sha256:c97f080ea627e2863524c5af3836e2270b5f5dfff1f104392b959f8df0c5d384 \
    --hash=sha256:df2b82571a1b30f58a87bf4e5a9e78d2b1eff6c6ce8fd3aa3757221f93f0863f \
    --hash=sha256:f5bce581e6b8c235e566a14768a943b172ada3ed73537bb0c0be1edee312d4e7
charset-normalizer==3.4.9 \
    --hash=sha256:04ce310cb89c15df659582aee80a0603788732a5e017d5bd5c81158106ce249c \
    --hash=sha256:0e94703ec9684807f20cfb5eed95c70f67f2a8f21ad620146d7b5a13677b93e5 \
    --hash=sha256:45b0cc4e3556cd875e09102988d1ab8356c998b596c9fced84547c8138b487a0 \
    --hash=sha256:4b3dac63058cc36820b0dd072f89898604e2d39686fe05321729d00d8ac185a0 \
    --hash=sha256:5e226f6218febc71f6c1fc2fafb91c226f75bdc1d8fb12d66823716e891608fd \
    --hash=sha256:6366a16e1a25018694d6a5d784d09b046edc9eac40ea2b54065c3052672516a1
contourpy==1.3.2 \
    --hash=sha256:3859783aefa2b8355697f16642695a5b9792e7a46ab86da1118a4a23a51a33d7 \
    --hash=sha256:4caf2bcd2969402bf77edc4cb6034c7dd7c0803213b3523f111eb7460a51b8d2 \
    --hash=sha256:5ebac872ba09cb8f2131c46b8739a7ff71de28a24c869bcad554477eb089a878 \
    --hash=sha256:6a37a2fb93d4df3fc4c0e363ea4d16f83195fc09c891bc8ce072b9d084853445 \
    --hash=sha256:82199cb78276249796419fe36b7386bd8d2cc3f28b3bc19fe2454fe2e26c4c15 \
    --hash=sha256:8c942a01d9163e2e5cfb05cb66110121b8d07ad438a17f9e766317bcb62abf73 \
    --hash=sha256:b7cd50c38f500bbcc9b6a46643a40e0913673f869315d8e70de0438817cb7773 \
    --hash=sha256:f26b383144cf2d2c29f01a1e8170f50dacf0eac02d64139dcd709a8ac4eb3cfe
cryptography==48.0.1 \
    --hash=sha256:39489bfca54c7a1f6b297efcd8bc608ab92d16c4ca631b0cad4da46724588b24 \
    --hash=sha256:3e4a1a3232eef2e6c732827d5722db29a0cc8b27af2a4d865b094cf954be9ca1 \
    --hash=sha256:f0d27a5696721ef7a672b8c810f6aded391058e0b9486e63e6d93baf765da691
cssselect2==0.9.0 \
    --hash=sha256:6a99e5f91f9a016a304dd929b0966ca464bcfda15177b6fb4a118fc0fb5d9563
cycler==0.12.1 \
    --hash=sha256:85cef7cff222d8644161529808465972e51340599459b8ac3ccbac5a854e0d30
fonttools==4.63.0 \
    --hash=sha256:063e08bd17bd5a90127a14123de0d6a952dbc847695fd98b63c043d58057f90c \
    --hash=sha256:2b8ae05d9eacf6081414d759c0a352769ac28ce31280d6bb8e77b03f9e3c449f \
    --hash=sha256:37dd23e621e3b0aef1baa70a303b80aaf38449632cfc8fd2a55fb285bbccfc02 \
    --hash=sha256:58dc6bb86a78d782f00f9190ca02c119cf5bbe2807536e361e18d42019f877d8 \
    --hash=sha256:59ac449f8cca9b4ffa08d2e7bbadad87ce710d69d1eda5c3c1ce579baa987272 \
    --hash=sha256:79cdc9f567aec74a72918fd060283911406750cbc9fd28c1316023deb6ce31a9 \
    --hash=sha256:a9faff9e0c1f76f9fd55899d2ce785832efebab37eb8ae13995853aef178bef0 \
    --hash=sha256:d76ac49f929aecaf82d83250b8347e099d7aecba0f4726c1d9b6df3b8bb5fe18
greenlet==3.2.4 \
    --hash=sha256:0db5594dce18db94f7d1650d7489909b57afde4c580806b8d9203b6e79cdc079 \
    --hash=sha256:3b67ca49f54cede0186854a008109d6ee71f66bd57bb36abd6d0a0267b540cdd \
    --hash=sha256:96378df1de302bc38e99c3a9aa311967b7dc80ced1dcc6f171e99842987882a2 \
    --hash=sha256:9c40adce87eaa9ddb593ccb0fa6a07caf34015a29bf8d344811665b573138db9 \
    --hash=sha256:a7d4e128405eea3814a12cc2605e0e6aedb4035bf32697f72deca74de4105e02 \
    --hash=sha256:c60a6d84229b271d44b70fb6e5fa23781abb5d742af7b808ae3f6efd7c9c60f6
idna==3.18 \
    --hash=sha256:7f952cbe720b688055e3f87de14f5c3e5fdaa8bc3928985c4077ca689de849a2
kiwisolver==1.5.0 \
    --hash=sha256:0df54df7e686afa55e6f21fb86195224a6d9beb71d637e8d7920c95cf0f89aac \
    --hash=sha256:2517e24d7315eb51c10664cdb865195df38ab74456c677df67bb47f12d088a27 \
    --hash=sha256:3c4923e404d6bcd91b6779c009542e5647fef32e4a5d75e115e3bbac6f2335eb \
    --hash=sha256:72ec46b7eba5b395e0a7b63025490d3214c11013f4aacb4f5e8d6c3041829588 \
    --hash=sha256:bb5136fb5352d3f422df33f0c879a1b0c204004324150cc3b5e3c4f310c9049f \
    --hash=sha256:beb7f344487cdcb9e1efe4b7a29681b74d34c08f0043a327a74da852a6749e7b \
    --hash=sha256:ed3a984b31da7481b103f68776f7128a89ef26ed40f4dc41a2223cda7fb24819 \
    --hash=sha256:f18c2d9782259a6dc132fdc7a63c168cbc74b35284b6d75c673958982a378384
matplotlib==3.11.0 \
    --hash=sha256:0515d495124be3124340e59f164d901ed4484e2246a5b74cfa483cac3b80bd97 \
    --hash=sha256:06b5872e9cf11adc8f589ded3ce11bc3e1061ad498259664fabc1f6615beb918 \
    --hash=sha256:57baa92fdc82948ed716eae6d2579d4d6f40965cd8d2f416755b4a72580a3233 \
    --hash=sha256:630eee0e67d35cce2019a0e670719f4816e3b86aff0fa72729f6c69786fceb45 \
    --hash=sha256:70a5b3e9a5dab708c0f039709ae7c68d5b4d254e291ef76492cdba230c8bb5e4 \
    --hash=sha256:ac6f1ef39f3d0f9e2463303013094992cdbe0f85f43bc54155bc472b2042768e \
    --hash=sha256:be5f93a1d21981bfb802ded0d77a0caa92d4342a47d45754fac77e314a506344 \
    --hash=sha256:f857524b442f0f36e641868ce2171aafa88cb0bc0644f4e1d8a5df9b32649fef
numpy==2.2.6 \
    --hash=sha256:41c5a21f4a04fa86436124d388f6ed60a9343a6f767fced1a8a71c3fbca038ff \
    --hash=sha256:ba10f8411898fc418a521833e014a77d3ca01c15b0c6cdcce6a0d2897e6dbbdf \
    --hash=sha256:c1f9540be57940698ed329904db803cf7a402f3fc200bfe599334c9bd84a40b2 \
    --hash=sha256:c820a93b0255bc360f53eca31a0e676fd1101f673dda8da93454a12e23fc5f7a \
    --hash=sha256:de749064336d37e340f640b05f24e9e3dd678c57318c7289d222a8a2f543e90c \
    --hash=sha256:e8213002e427c69c45a52bbd94163084025f533a55a59d6f9c5b820774ef3303 \
    --hash=sha256:f9f1adb22318e121c5c69a09142811a201ef17ab257a1e66ca3025065b7f53ae \
    --hash=sha256:fd83c01228a688733f1ded5201c678f0c53ecc1006ffbc404db9f7a899ac6249
packaging==26.2 \
    --hash=sha256:5fc45236b9446107ff2415ce77c807cee2862cb6fac22b8a73826d0693b0980e
pillow==12.2.0 \
    --hash=sha256:2d192a155bbcec180f8564f693e6fd9bccff5a7af9b32e2e4bf8c9c69dbad6b5 \
    --hash=sha256:6e6b2a0c538fc200b38ff9eb6628228b77908c319a005815f2dde585a0664b60 \
    --hash=sha256:71cde9a1e1551df7d34a25462fc60325e8a11a82cc2e2f54578e5e9a1e153d65 \
    --hash=sha256:7f84204dee22a783350679a0333981df803dac21a0190d706a50475e361c93f5 \
    --hash=sha256:8bd7903a5f2a4545f6fd5935c90058b89d30045568985a71c79f5fd6edf9b91e \
    --hash=sha256:8be29e59487a79f173507c30ddf57e733a357f67881430449bb32614075a40ab \
    --hash=sha256:b86024e52a1b269467a802258c25521e6d742349d760728092e1bc2d135b4d76 \
    --hash=sha256:f3f40b3c5a968281fd507d519e444c35f0ff171237f4fdde090dd60699458421
playwright==1.61.0 \
    --hash=sha256:009588c2a7e499bc5a8b425b61fa65490968bbda9cd69e0cf2cff10f8304659a \
    --hash=sha256:35c6cc4589a5d00964a59d7b3e59641e0aac0c02f15479a7af77d20f6bc79597 \
    --hash=sha256:54f3b39f6eab832e33458c1dd7da0b5682aedab3b09ae731b5c59fa12fd2024e \
    --hash=sha256:9f7de4536088d12037c13a52b7ea34b59270b78926bb56935070597ffac6b1af
pycparser==3.0 \
    --hash=sha256:b727414169a36b7d524c1c3e31839a521725078d7b2ff038656844266160a992
pydyf==0.12.1 \
    --hash=sha256:ea25b4e1fe7911195cb57067560daaa266639184e8335365cc3ee5214e7eaadc
pyee==13.0.1 \
    --hash=sha256:af2f8fede4171ef667dfded53f96e2ed0d6e6bd7ee3bb46437f77e3b57689228
pyparsing==3.3.2 \
    --hash=sha256:850ba148bd908d7e2411587e247a1e4f0327839c40e2e5e6d05a007ecc69911d
pyphen==0.17.2 \
    --hash=sha256:3a07fb017cb2341e1d9ff31b8634efb1ae4dc4b130468c7c39dd3d32e7c3affd
python-dateutil==2.9.0.post0 \
    --hash=sha256:a8b2bc7bffae282281c8140a97d3aa9c14da0b136dfe83f850eea9a5f7470427
reportlab==4.5.1 \
    --hash=sha256:06fce8cb56c83307cfa4909cdf4e6a2ddbb44e5d6ef4d2edca896d7e9769f091
requests==2.34.2 \
    --hash=sha256:2a0d60c172f83ac6ab31e4554906c0f3b3588d37b5cb939b1c061f4907e278e0
six==1.17.0 \
    --hash=sha256:4721f391ed90541fddacab5acf947aa0d3dc7d27b2e1e8eda2be8970586c3274
tinycss2==1.5.1 \
    --hash=sha256:3415ba0f5839c062696996998176c4a3751d18b7edaaeeb658c9ce21ec150661
tinyhtml5==2.1.0 \
    --hash=sha256:6e11cfff38515834268daf89d5f85bbde0b6dd02e8d9e212d1385c2289b89f0a
typing-extensions==4.16.0 \
    --hash=sha256:481caa481374e813c1b176ada14e97f1f67a4539ce9cfeb3f350d78d6370c2e8
urllib3==2.7.0 \
    --hash=sha256:9fb4c81ebbb1ce9531cce37674bbc6f1360472bc18ca9a553ede278ef7276897
weasyprint==69.0 \
    --hash=sha256:475951cfd917014de6d4d005caff48c6aa867e7e42b80cd5b16a0484a1609ee6
webencodings==0.5.1 \
    --hash=sha256:a0af1213f3c2226497a97e2b3aa01a7e4bee4f403f95be16fc9acd2947514a78
zopfli==0.4.3 \
    --hash=sha256:769875152d0625c46707bcca57d4b2233fe653482067acd55fbf6ec525cb9bdc \
    --hash=sha256:88f4fbe429aad72bc206275d81fab11a097e0f951a5848d1f51083c37ea73073 \
    --hash=sha256:921c2c9907f4364963848da5ad194b46d68865e07fdb975d04fd09bc42d47357
