# Claude Ads development dependency lock
# Exact versions and union hashes for the supported CPython 3.11/3.12 wheel matrix.
cffi==2.1.0 \
    --hash=sha256:02cb7ff33ded4f1532476731f89ede53e2e488a8e6205515a82144246ffa7dcc \
    --hash=sha256:1e9f50d192a3e525b15a75ab5114e442d83d657b7ec29182a991bc9a88fd3a66 \
    --hash=sha256:4f26194e3d95e06501b942642855aed4f953d55e95d7d01b7c4483db3ecff458 \
    --hash=sha256:78474632761faa0fb96f30b1c928c84ebcf68713cbb80d15bab09dfe61640fde \
    --hash=sha256:aa7a1b53a2a4452ada2d1b5dade9960b2522f1e61293a811a077439e39029565 \
    --hash=sha256:c97f080ea627e2863524c5af3836e2270b5f5dfff1f104392b959f8df0c5d384 \
    --hash=sha256:df2b82571a1b30f58a87bf4e5a9e78d2b1eff6c6ce8fd3aa3757221f93f0863f \
    --hash=sha256:f5bce581e6b8c235e566a14768a943b172ada3ed73537bb0c0be1edee312d4e7
colorama==0.4.6 ; sys_platform == "win32" \
    --hash=sha256:4f1d9991f5acc0ca119f9d443620b77f9d6b33703e51011c16baf57afb285fc6
cryptography==48.0.1 \
    --hash=sha256:39489bfca54c7a1f6b297efcd8bc608ab92d16c4ca631b0cad4da46724588b24 \
    --hash=sha256:3e4a1a3232eef2e6c732827d5722db29a0cc8b27af2a4d865b094cf954be9ca1 \
    --hash=sha256:f0d27a5696721ef7a672b8c810f6aded391058e0b9486e63e6d93baf765da691
iniconfig==2.3.0 \
    --hash=sha256:f631c04d2c48c52b84d0d0549c99ff3859c98df65b3101406327ecc7d53fbf12
packaging==26.2 \
    --hash=sha256:5fc45236b9446107ff2415ce77c807cee2862cb6fac22b8a73826d0693b0980e
pluggy==1.6.0 \
    --hash=sha256:e920276dd6813095e9377c0bc5566d94c932c33b27a3e3945d8389c374dd4746
pycparser==3.0 \
    --hash=sha256:b727414169a36b7d524c1c3e31839a521725078d7b2ff038656844266160a992
pygments==2.20.0 \
    --hash=sha256:81a9e26dd42fd28a23a2d169d86d7ac03b46e2f8b59ed4698fb4785f946d0176
pytest==9.0.3 \
    --hash=sha256:2c5efc453d45394fdd706ade797c0a81091eccd1d6e4bccfcd476e2b8e0ab5d9
pyyaml==6.0.3 \
    --hash=sha256:44edc647873928551a01e7a563d7452ccdebee747728c1080d881d68af7b997e \
    --hash=sha256:5fcd34e47f6e0b794d17de1b4ff496c00986e1c83f7ab2fb8fcfe9616ff7477b \
    --hash=sha256:652cb6edd41e718550aad172851962662ff2681490a8a711af6a4d288dd96824 \
    --hash=sha256:7f047e29dcae44602496db43be01ad42fc6f1cc0d8cd6c83d342306c32270196 \
    --hash=sha256:9f3bfb4965eb874431221a3ff3fdcddc7e74e3b07799e0e84ca4a0f867d449bf \
    --hash=sha256:b8bb0864c5a28024fac8a632c443c87c5aa6f215c0b126c449ae1a150412f31d \
    --hash=sha256:ba1cc08a7ccde2d2ec775841541641e4548226580ab850948cbfda66a1befcdc \
    --hash=sha256:fc09d0aa354569bc501d4e787133afc08552722d3ab34836a80547331bb5d4a0
